
Microsoft Visual Studio Solution File, Format Version 12.00
# Visual Studio Version 17
VisualStudioVersion = 17.9.34723.18
MinimumVisualStudioVersion = 10.0.40219.1
Project("{FAE04EC0-301F-11D3-BF4B-00C04F79EFBC}") = "L14_csi120", "L14_csi120.csproj", "{FBE5C565-0745-40F1-9FDA-9954010B5CBC}"
EndProject
Global
	GlobalSection(SolutionConfigurationPlatforms) = preSolution
		Debug|Any CPU = Debug|Any CPU
		Release|Any CPU = Release|Any CPU
	EndGlobalSection
	GlobalSection(ProjectConfigurationPlatforms) = postSolution
		{FBE5C565-0745-40F1-9FDA-9954010B5CBC}.Debug|Any CPU.ActiveCfg = Debug|Any CPU
		{FBE5C565-0745-40F1-9FDA-9954010B5CBC}.Debug|Any CPU.Build.0 = Debug|Any CPU
		{FBE5C565-0745-40F1-9FDA-9954010B5CBC}.Release|Any CPU.ActiveCfg = Release|Any CPU
		{FBE5C565-0745-40F1-9FDA-9954010B5CBC}.Release|Any CPU.Build.0 = Release|Any CPU
	EndGlobalSection
	GlobalSection(SolutionProperties) = preSolution
		HideSolutionNode = FALSE
	EndGlobalSection
	GlobalSection(ExtensibilityGlobals) = postSolution
		SolutionGuid = {C8584BC4-61B1-470F-BC31-F7FCE236A489}
	EndGlobalSection
EndGlobal
